// !$*UTF8*$!
{
	archiveVersion = 1;
	classes = {
	};
	objectVersion = 56;
	objects = {

/* Begin PBXBuildFile section */
		3A78F83929C8147D00C02C43 /* AppDelegate.swift in Sources */ = {isa = PBXBuildFile; fileRef = 3A78F83829C8147D00C02C43 /* AppDelegate.swift */; };
		3A78F83B29C8147D00C02C43 /* SceneDelegate.swift in Sources */ = {isa = PBXBuildFile; fileRef = 3A78F83A29C8147D00C02C43 /* SceneDelegate.swift */; };
		3A78F83D29C8147D00C02C43 /* ViewController.swift in Sources */ = {isa = PBXBuildFile; fileRef = 3A78F83C29C8147D00C02C43 /* ViewController.swift */; };
		3A78F84029C8147D00C02C43 /* Main.storyboard in Resources */ = {isa = PBXBuildFile; fileRef = 3A78F83E29C8147D00C02C43 /* Main.storyboard */; };
		3A78F84229C8147E00C02C43 /* Assets.xcassets in Resources */ = {isa = PBXBuildFile; fileRef = 3A78F84129C8147E00C02C43 /* Assets.xcassets */; };
		3A78F84529C8147E00C02C43 /* LaunchScreen.storyboard in Resources */ = {isa = PBXBuildFile; fileRef = 3A78F84329C8147E00C02C43 /* LaunchScreen.storyboard */; };
		3A78F84D29C81A4D00C02C43 /* TableViewPizzaViewController.swift in Sources */ = {isa = PBXBuildFile; fileRef = 3A78F84C29C81A4D00C02C43 /* TableViewPizzaViewController.swift */; };
		3A78F84F29C81B6200C02C43 /* Pizza.swift in Sources */ = {isa = PBXBuildFile; fileRef = 3A78F84E29C81B6200C02C43 /* Pizza.swift */; };
		3A78F85229C81D2D00C02C43 /* PizzaTableViewCell.swift in Sources */ = {isa = PBXBuildFile; fileRef = 3A78F85029C81D2D00C02C43 /* PizzaTableViewCell.swift */; };
		3A78F85329C81D2D00C02C43 /* PizzaTableViewCell.xib in Resources */ = {isa = PBXBuildFile; fileRef = 3A78F85129C81D2D00C02C43 /* PizzaTableViewCell.xib */; };
		53B87020246D6A2E08D83EA0 /* Pods_ProjectRequestPizzaFour.framework in Frameworks */ = {isa = PBXBuildFile; fileRef = 7BAD0A2679377F15249F6289 /* Pods_ProjectRequestPizzaFour.framework */; };
/* End PBXBuildFile section */

/* Begin PBXFileReference section */
		3A78F83529C8147D00C02C43 /* ProjectRequestPizzaFour.app */ = {isa = PBXFileReference; explicitFileType = wrapper.application; includeInIndex = 0; path = ProjectRequestPizzaFour.app; sourceTree = BUILT_PRODUCTS_DIR; };
		3A78F83829C8147D00C02C43 /* AppDelegate.swift */ = {isa = PBXFileReference; lastKnownFileType = sourcecode.swift; path = AppDelegate.swift; sourceTree = "<group>"; };
		3A78F83A29C8147D00C02C43 /* SceneDelegate.swift */ = {isa = PBXFileReference; lastKnownFileType = sourcecode.swift; path = SceneDelegate.swift; sourceTree = "<group>"; };
		3A78F83C29C8147D00C02C43 /* ViewController.swift */ = {isa = PBXFileReference; lastKnownFileType = sourcecode.swift; path = ViewController.swift; sourceTree = "<group>"; };
		3A78F83F29C8147D00C02C43 /* Base */ = {isa = PBXFileReference; lastKnownFileType = file.storyboard; name = Base; path = Base.lproj/Main.storyboard; sourceTree = "<group>"; };
		3A78F84129C8147E00C02C43 /* Assets.xcassets */ = {isa = PBXFileReference; lastKnownFileType = folder.assetcatalog; path = Assets.xcassets; sourceTree = "<group>"; };
		3A78F84429C8147E00C02C43 /* Base */ = {isa = PBXFileReference; lastKnownFileType = file.storyboard; name = Base; path = Base.lproj/LaunchScreen.storyboard; sourceTree = "<group>"; };
		3A78F84629C8147E00C02C43 /* Info.plist */ = {isa = PBXFileReference; lastKnownFileType = text.plist.xml; path = Info.plist; sourceTree = "<group>"; };
		3A78F84C29C81A4D00C02C43 /* TableViewPizzaViewController.swift */ = {isa = PBXFileReference; lastKnownFileType = sourcecode.swift; path = TableViewPizzaViewController.swift; sourceTree = "<group>"; };
		3A78F84E29C81B6200C02C43 /* Pizza.swift */ = {isa = PBXFileReference; lastKnownFileType = sourcecode.swift; path = Pizza.swift; sourceTree = "<group>"; };
		3A78F85029C81D2D00C02C43 /* PizzaTableViewCell.swift */ = {isa = PBXFileReference; lastKnownFileType = sourcecode.swift; path = PizzaTableViewCell.swift; sourceTree = "<group>"; };
		3A78F85129C81D2D00C02C43 /* PizzaTableViewCell.xib */ = {isa = PBXFileReference; lastKnownFileType = file.xib; path = PizzaTableViewCell.xib; sourceTree = "<group>"; };
		7BAD0A2679377F15249F6289 /* Pods_ProjectRequestPizzaFour.framework */ = {isa = PBXFileReference; explicitFileType = wrapper.framework; includeInIndex = 0; path = Pods_ProjectRequestPizzaFour.framework; sourceTree = BUILT_PRODUCTS_DIR; };
		899B3C5AAF532A53EBF68287 /* Pods-ProjectRequestPizzaFour.release.xcconfig */ = {isa = PBXFileReference; includeInIndex = 1; lastKnownFileType = text.xcconfig; name = "Pods-ProjectRequestPizzaFour.release.xcconfig"; path = "Target Support Files/Pods-ProjectRequestPizzaFour/Pods-ProjectRequestPizzaFour.release.xcconfig"; sourceTree = "<group>"; };
		D2E234889AC21386F2617999 /* Pods-ProjectRequestPizzaFour.debug.xcconfig */ = {isa = PBXFileReference; includeInIndex = 1; lastKnownFileType = text.xcconfig; name = "Pods-ProjectRequestPizzaFour.debug.xcconfig"; path = "Target Support Files/Pods-ProjectRequestPizzaFour/Pods-ProjectRequestPizzaFour.debug.xcconfig"; sourceTree = "<group>"; };
/* End PBXFileReference section */

/* Begin PBXFrameworksBuildPhase section */
		3A78F83229C8147D00C02C43 /* Frameworks */ = {
			isa = PBXFrameworksBuildPhase;
			buildActionMask = 2147483647;
			files = (
				53B87020246D6A2E08D83EA0 /* Pods_ProjectRequestPizzaFour.framework in Frameworks */,
			);
			runOnlyForDeploymentPostprocessing = 0;
		};
/* End PBXFrameworksBuildPhase section */

/* Begin PBXGroup section */
		3A2954222143299116F40B48 /* Frameworks */ = {
			isa = PBXGroup;
			children = (
				7BAD0A2679377F15249F6289 /* Pods_ProjectRequestPizzaFour.framework */,
			);
			name = Frameworks;
			sourceTree = "<group>";
		};
		3A78F82C29C8147D00C02C43 = {
			isa = PBXGroup;
			children = (
				3A78F83729C8147D00C02C43 /* ProjectRequestPizzaFour */,
				3A78F83629C8147D00C02C43 /* Products */,
				9C4CE3DD2DFA6E9AF7966FA0 /* Pods */,
				3A2954222143299116F40B48 /* Frameworks */,
			);
			sourceTree = "<group>";
		};
		3A78F83629C8147D00C02C43 /* Products */ = {
			isa = PBXGroup;
			children = (
				3A78F83529C8147D00C02C43 /* ProjectRequestPizzaFour.app */,
			);
			name = Products;
			sourceTree = "<group>";
		};
		3A78F83729C8147D00C02C43 /* ProjectRequestPizzaFour */ = {
			isa = PBXGroup;
			children = (
				3A78F83829C8147D00C02C43 /* AppDelegate.swift */,
				3A78F83A29C8147D00C02C43 /* SceneDelegate.swift */,
				3A78F83E29C8147D00C02C43 /* Main.storyboard */,
				3A78F84E29C81B6200C02C43 /* Pizza.swift */,
				3A78F83C29C8147D00C02C43 /* ViewController.swift */,
				3A78F84C29C81A4D00C02C43 /* TableViewPizzaViewController.swift */,
				3A78F85029C81D2D00C02C43 /* PizzaTableViewCell.swift */,
				3A78F85129C81D2D00C02C43 /* PizzaTableViewCell.xib */,
				3A78F84129C8147E00C02C43 /* Assets.xcassets */,
				3A78F84329C8147E00C02C43 /* LaunchScreen.storyboard */,
				3A78F84629C8147E00C02C43 /* Info.plist */,
			);
			path = ProjectRequestPizzaFour;
			sourceTree = "<group>";
		};
		9C4CE3DD2DFA6E9AF7966FA0 /* Pods */ = {
			isa = PBXGroup;
			children = (
				D2E234889AC21386F2617999 /* Pods-ProjectRequestPizzaFour.debug.xcconfig */,
				899B3C5AAF532A53EBF68287 /* Pods-ProjectRequestPizzaFour.release.xcconfig */,
			);
			path = Pods;
			sourceTree = "<group>";
		};
/* End PBXGroup section */

/* Begin PBXNativeTarget section */
		3A78F83429C8147D00C02C43 /* ProjectRequestPizzaFour */ = {
			isa = PBXNativeTarget;
			buildConfigurationList = 3A78F84929C8147E00C02C43 /* Build configuration list for PBXNativeTarget "ProjectRequestPizzaFour" */;
			buildPhases = (
				E723059C0320F47A67F2164C /* [CP] Check Pods Manifest.lock */,
				3A78F83129C8147D00C02C43 /* Sources */,
				3A78F83229C8147D00C02C43 /* Frameworks */,
				3A78F83329C8147D00C02C43 /* Resources */,
				2B83BE55C906B9040440EBB3 /* [CP] Embed Pods Frameworks */,
			);
			buildRules = (
			);
			dependencies = (
			);
			name = ProjectRequestPizzaFour;
			productName = ProjectRequestPizzaFour;
			productReference = 3A78F83529C8147D00C02C43 /* ProjectRequestPizzaFour.app */;
			productType = "com.apple.product-type.application";
		};
/* End PBXNativeTarget section */

/* Begin PBXProject section */
		3A78F82D29C8147D00C02C43 /* Project object */ = {
			isa = PBXProject;
			attributes = {
				BuildIndependentTargetsInParallel = 1;
				LastSwiftUpdateCheck = 1410;
				LastUpgradeCheck = 1410;
				TargetAttributes = {
					3A78F83429C8147D00C02C43 = {
						CreatedOnToolsVersion = 14.1;
					};
				};
			};
			buildConfigurationList = 3A78F83029C8147D00C02C43 /* Build configuration list for PBXProject "ProjectRequestPizzaFour" */;
			compatibilityVersion = "Xcode 14.0";
			developmentRegion = en;
			hasScannedForEncodings = 0;
			knownRegions = (
				en,
				Base,
			);
			mainGroup = 3A78F82C29C8147D00C02C43;
			productRefGroup = 3A78F83629C8147D00C02C43 /* Products */;
			projectDirPath = "";
			projectRoot = "";
			targets = (
				3A78F83429C8147D00C02C43 /* ProjectRequestPizzaFour */,
			);
		};
/* End PBXProject section */

/* Begin PBXResourcesBuildPhase section */
		3A78F83329C8147D00C02C43 /* Resources */ = {
			isa = PBXResourcesBuildPhase;
			buildActionMask = 2147483647;
			files = (
				3A78F85329C81D2D00C02C43 /* PizzaTableViewCell.xib in Resources */,
				3A78F84529C8147E00C02C43 /* LaunchScreen.storyboard in Resources */,
				3A78F84229C8147E00C02C43 /* Assets.xcassets in Resources */,
				3A78F84029C8147D00C02C43 /* Main.storyboard in Resources */,
			);
			runOnlyForDeploymentPostprocessing = 0;
		};
/* End PBXResourcesBuildPhase section */

/* Begin PBXShellScriptBuildPhase section */
		2B83BE55C906B9040440EBB3 /* [CP] Embed Pods Frameworks */ = {
			isa = PBXShellScriptBuildPhase;
			buildActionMask = 2147483647;
			files = (
			);
			inputFileListPaths = (
				"${PODS_ROOT}/Target Support Files/Pods-ProjectRequestPizzaFour/Pods-ProjectRequestPizzaFour-frameworks-${CONFIGURATION}-input-files.xcfilelist",
			);
			name = "[CP] Embed Pods Frameworks";
			outputFileListPaths = (
				"${PODS_ROOT}/Target Support Files/Pods-ProjectRequestPizzaFour/Pods-ProjectRequestPizzaFour-frameworks-${CONFIGURATION}-output-files.xcfilelist",
			);
			runOnlyForDeploymentPostprocessing = 0;
			shellPath = /bin/sh;
			shellScript = "\"${PODS_ROOT}/Target Support Files/Pods-ProjectRequestPizzaFour/Pods-ProjectRequestPizzaFour-frameworks.sh\"\n";
			showEnvVarsInLog = 0;
		};
		E723059C0320F47A67F2164C /* [CP] Check Pods Manifest.lock */ = {
			isa = PBXShellScriptBuildPhase;
			buildActionMask = 2147483647;
			files = (
			);
			inputFileListPaths = (
			);
			inputPaths = (
				"${PODS_PODFILE_DIR_PATH}/Podfile.lock",
				"${PODS_ROOT}/Manifest.lock",
			);
			name = "[CP] Check Pods Manifest.lock";
			outputFileListPaths = (
			);
			outputPaths = (
				"$(DERIVED_FILE_DIR)/Pods-ProjectRequestPizzaFour-checkManifestLockResult.txt",
			);
			runOnlyForDeploymentPostprocessing = 0;
			shellPath = /bin/sh;
			shellScript = "diff \"${PODS_PODFILE_DIR_PATH}/Podfile.lock\" \"${PODS_ROOT}/Manifest.lock\" > /dev/null\nif [ $? != 0 ] ; then\n    # print error to STDERR\n    echo \"error: The sandbox is not in sync with the Podfile.lock. Run 'pod install' or update your CocoaPods installation.\" >&2\n    exit 1\nfi\n# This output is used by Xcode 'outputs' to avoid re-running this script phase.\necho \"SUCCESS\" > \"${SCRIPT_OUTPUT_FILE_0}\"\n";
			showEnvVarsInLog = 0;
		};
/* End PBXShellScriptBuildPhase section */

/* Begin PBXSourcesBuildPhase section */
		3A78F83129C8147D00C02C43 /* Sources */ = {
			isa = PBXSourcesBuildPhase;
			buildActionMask = 2147483647;
			files = (
				3A78F83D29C8147D00C02C43 /* ViewController.swift in Sources */,
				3A78F84D29C81A4D00C02C43 /* TableViewPizzaViewController.swift in Sources */,
				3A78F83929C8147D00C02C43 /* AppDelegate.swift in Sources */,
				3A78F84F29C81B6200C02C43 /* Pizza.swift in Sources */,
				3A78F85229C81D2D00C02C43 /* PizzaTableViewCell.swift in Sources */,
				3A78F83B29C8147D00C02C43 /* SceneDelegate.swift in Sources */,
			);
			runOnlyForDeploymentPostprocessing = 0;
		};
/* End PBXSourcesBuildPhase section */

/* Begin PBXVariantGroup section */
		3A78F83E29C8147D00C02C43 /* Main.storyboard */ = {
			isa = PBXVariantGroup;
			children = (
				3A78F83F29C8147D00C02C43 /* Base */,
			);
			name = Main.storyboard;
			sourceTree = "<group>";
		};
		3A78F84329C8147E00C02C43 /* LaunchScreen.storyboard */ = {
			isa = PBXVariantGroup;
			children = (
				3A78F84429C8147E00C02C43 /* Base */,
			);
			name = LaunchScreen.storyboard;
			sourceTree = "<group>";
		};
/* End PBXVariantGroup section */

/* Begin XCBuildConfiguration section */
		3A78F84729C8147E00C02C43 /* Debug */ = {
			isa = XCBuildConfiguration;
			buildSettings = {
				ALWAYS_SEARCH_USER_PATHS = NO;
				CLANG_ANALYZER_NONNULL = YES;
				CLANG_ANALYZER_NUMBER_OBJECT_CONVERSION = YES_AGGRESSIVE;
				CLANG_CXX_LANGUAGE_STANDARD = "gnu++20";
				CLANG_ENABLE_MODULES = YES;
				CLANG_ENABLE_OBJC_ARC = YES;
				CLANG_ENABLE_OBJC_WEAK = YES;
				CLANG_WARN_BLOCK_CAPTURE_AUTORELEASING = YES;
				CLANG_WARN_BOOL_CONVERSION = YES;
				CLANG_WARN_COMMA = YES;
				CLANG_WARN_CONSTANT_CONVERSION = YES;
				CLANG_WARN_DEPRECATED_OBJC_IMPLEMENTATIONS = YES;
				CLANG_WARN_DIRECT_OBJC_ISA_USAGE = YES_ERROR;
				CLANG_WARN_DOCUMENTATION_COMMENTS = YES;
				CLANG_WARN_EMPTY_BODY = YES;
				CLANG_WARN_ENUM_CONVERSION = YES;
				CLANG_WARN_INFINITE_RECURSION = YES;
				CLANG_WARN_INT_CONVERSION = YES;
				CLANG_WARN_NON_LITERAL_NULL_CONVERSION = YES;
				CLANG_WARN_OBJC_IMPLICIT_RETAIN_SELF = YES;
				CLANG_WARN_OBJC_LITERAL_CONVERSION = YES;
				CLANG_WARN_OBJC_ROOT_CLASS = YES_ERROR;
				CLANG_WARN_QUOTED_INCLUDE_IN_FRAMEWORK_HEADER = YES;
				CLANG_WARN_RANGE_LOOP_ANALYSIS = YES;
				CLANG_WARN_STRICT_PROTOTYPES = YES;
				CLANG_WARN_SUSPICIOUS_MOVE = YES;
				CLANG_WARN_UNGUARDED_AVAILABILITY = YES_AGGRESSIVE;
				CLANG_WARN_UNREACHABLE_CODE = YES;
				CLANG_WARN__DUPLICATE_METHOD_MATCH = YES;
				COPY_PHASE_STRIP = NO;
				DEBUG_INFORMATION_FORMAT = dwarf;
				ENABLE_STRICT_OBJC_MSGSEND = YES;
				ENABLE_TESTABILITY = YES;
				GCC_C_LANGUAGE_STANDARD = gnu11;
				GCC_DYNAMIC_NO_PIC = NO;
				GCC_NO_COMMON_BLOCKS = YES;
				GCC_OPTIMIZATION_LEVEL = 0;
				GCC_PREPROCESSOR_DEFINITIONS = (
					"DEBUG=1",
					"$(inherited)",
				);
				GCC_WARN_64_TO_32_BIT_CONVERSION = YES;
				GCC_WARN_ABOUT_RETURN_TYPE = YES_ERROR;
				GCC_WARN_UNDECLARED_SELECTOR = YES;
				GCC_WARN_UNINITIALIZED_AUTOS = YES_AGGRESSIVE;
				GCC_WARN_UNUSED_FUNCTION = YES;
				GCC_WARN_UNUSED_VARIABLE = YES;
				IPHONEOS_DEPLOYMENT_TARGET = 16.1;
				MTL_ENABLE_DEBUG_INFO = INCLUDE_SOURCE;
				MTL_FAST_MATH = YES;
				ONLY_ACTIVE_ARCH = YES;
				SDKROOT = iphoneos;
				SWIFT_ACTIVE_COMPILATION_CONDITIONS = DEBUG;
				SWIFT_OPTIMIZATION_LEVEL = "-Onone";
			};
			name = Debug;
		};
		3A78F84829C8147E00C02C43 /* Release */ = {
			isa = XCBuildConfiguration;
			buildSettings = {
				ALWAYS_SEARCH_USER_PATHS = NO;
				CLANG_ANALYZER_NONNULL = YES;
				CLANG_ANALYZER_NUMBER_OBJECT_CONVERSION = YES_AGGRESSIVE;
				CLANG_CXX_LANGUAGE_STANDARD = "gnu++20";
				CLANG_ENABLE_MODULES = YES;
				CLANG_ENABLE_OBJC_ARC = YES;
				CLANG_ENABLE_OBJC_WEAK = YES;
				CLANG_WARN_BLOCK_CAPTURE_AUTORELEASING = YES;
				CLANG_WARN_BOOL_CONVERSION = YES;
				CLANG_WARN_COMMA = YES;
				CLANG_WARN_CONSTANT_CONVERSION = YES;
				CLANG_WARN_DEPRECATED_OBJC_IMPLEMENTATIONS = YES;
				CLANG_WARN_DIRECT_OBJC_ISA_USAGE = YES_ERROR;
				CLANG_WARN_DOCUMENTATION_COMMENTS = YES;
				CLANG_WARN_EMPTY_BODY = YES;
				CLANG_WARN_ENUM_CONVERSION = YES;
				CLANG_WARN_INFINITE_RECURSION = YES;
				CLANG_WARN_INT_CONVERSION = YES;
				CLANG_WARN_NON_LITERAL_NULL_CONVERSION = YES;
				CLANG_WARN_OBJC_IMPLICIT_RETAIN_SELF = YES;
				CLANG_WARN_OBJC_LITERAL_CONVERSION = YES;
				CLANG_WARN_OBJC_ROOT_CLASS = YES_ERROR;
				CLANG_WARN_QUOTED_INCLUDE_IN_FRAMEWORK_HEADER = YES;
				CLANG_WARN_RANGE_LOOP_ANALYSIS = YES;
				CLANG_WARN_STRICT_PROTOTYPES = YES;
				CLANG_WARN_SUSPICIOUS_MOVE = YES;
				CLANG_WARN_UNGUARDED_AVAILABILITY = YES_AGGRESSIVE;
				CLANG_WARN_UNREACHABLE_CODE = YES;
				CLANG_WARN__DUPLICATE_METHOD_MATCH = YES;
				COPY_PHASE_STRIP = NO;
				DEBUG_INFORMATION_FORMAT = "dwarf-with-dsym";
				ENABLE_NS_ASSERTIONS = NO;
				ENABLE_STRICT_OBJC_MSGSEND = YES;
				GCC_C_LANGUAGE_STANDARD = gnu11;
				GCC_NO_COMMON_BLOCKS = YES;
				GCC_WARN_64_TO_32_BIT_CONVERSION = YES;
				GCC_WARN_ABOUT_RETURN_TYPE = YES_ERROR;
				GCC_WARN_UNDECLARED_SELECTOR = YES;
				GCC_WARN_UNINITIALIZED_AUTOS = YES_AGGRESSIVE;
				GCC_WARN_UNUSED_FUNCTION = YES;
				GCC_WARN_UNUSED_VARIABLE = YES;
				IPHONEOS_DEPLOYMENT_TARGET = 16.1;
				MTL_ENABLE_DEBUG_INFO = NO;
				MTL_FAST_MATH = YES;
				SDKROOT = iphoneos;
				SWIFT_COMPILATION_MODE = wholemodule;
				SWIFT_OPTIMIZATION_LEVEL = "-O";
				VALIDATE_PRODUCT = YES;
			};
			name = Release;
		};
		3A78F84A29C8147E00C02C43 /* Debug */ = {
			isa = XCBuildConfiguration;
			baseConfigurationReference = D2E234889AC21386F2617999 /* Pods-ProjectRequestPizzaFour.debug.xcconfig */;
			buildSettings = {
				ASSETCATALOG_COMPILER_APPICON_NAME = AppIcon;
				ASSETCATALOG_COMPILER_GLOBAL_ACCENT_COLOR_NAME = AccentColor;
				CODE_SIGN_STYLE = Automatic;
				CURRENT_PROJECT_VERSION = 1;
				GENERATE_INFOPLIST_FILE = YES;
				INFOPLIST_FILE = ProjectRequestPizzaFour/Info.plist;
				INFOPLIST_KEY_UIApplicationSupportsIndirectInputEvents = YES;
				INFOPLIST_KEY_UILaunchStoryboardName = LaunchScreen;
				INFOPLIST_KEY_UIMainStoryboardFile = Main;
				INFOPLIST_KEY_UISupportedInterfaceOrientations_iPad = "UIInterfaceOrientationPortrait UIInterfaceOrientationPortraitUpsideDown UIInterfaceOrientationLandscapeLeft UIInterfaceOrientationLandscapeRight";
				INFOPLIST_KEY_UISupportedInterfaceOrientations_iPhone = "UIInterfaceOrientationPortrait UIInterfaceOrientationLandscapeLeft UIInterfaceOrientationLandscapeRight";
				LD_RUNPATH_SEARCH_PATHS = (
					"$(inherited)",
					"@executable_path/Frameworks",
				);
				MARKETING_VERSION = 1.0;
				PRODUCT_BUNDLE_IDENTIFIER = com.miriansantana.ProjectRequestPizzaFour;
				PRODUCT_NAME = "$(TARGET_NAME)";
				SUPPORTED_PLATFORMS = "iphoneos iphonesimulator";
				SUPPORTS_MACCATALYST = NO;
				SUPPORTS_MAC_DESIGNED_FOR_IPHONE_IPAD = NO;
				SWIFT_EMIT_LOC_STRINGS = YES;
				SWIFT_VERSION = 5.0;
				TARGETED_DEVICE_FAMILY = 1;
			};
			name = Debug;
		};
		3A78F84B29C8147E00C02C43 /* Release */ = {
			isa = XCBuildConfiguration;
			baseConfigurationReference = 899B3C5AAF532A53EBF68287 /* Pods-ProjectRequestPizzaFour.release.xcconfig */;
			buildSettings = {
				ASSETCATALOG_COMPILER_APPICON_NAME = AppIcon;
				ASSETCATALOG_COMPILER_GLOBAL_ACCENT_COLOR_NAME = AccentColor;
				CODE_SIGN_STYLE = Automatic;
				CURRENT_PROJECT_VERSION = 1;
				GENERATE_INFOPLIST_FILE = YES;
				INFOPLIST_FILE = ProjectRequestPizzaFour/Info.plist;
				INFOPLIST_KEY_UIApplicationSupportsIndirectInputEvents = YES;
				INFOPLIST_KEY_UILaunchStoryboardName = LaunchScreen;
				INFOPLIST_KEY_UIMainStoryboardFile = Main;
				INFOPLIST_KEY_UISupportedInterfaceOrientations_iPad = "UIInterfaceOrientationPortrait UIInterfaceOrientationPortraitUpsideDown UIInterfaceOrientationLandscapeLeft UIInterfaceOrientationLandscapeRight";
				INFOPLIST_KEY_UISupportedInterfaceOrientations_iPhone = "UIInterfaceOrientationPortrait UIInterfaceOrientationLandscapeLeft UIInterfaceOrientationLandscapeRight";
				LD_RUNPATH_SEARCH_PATHS = (
					"$(inherited)",
					"@executable_path/Frameworks",
				);
				MARKETING_VERSION = 1.0;
				PRODUCT_BUNDLE_IDENTIFIER = com.miriansantana.ProjectRequestPizzaFour;
				PRODUCT_NAME = "$(TARGET_NAME)";
				SUPPORTED_PLATFORMS = "iphoneos iphonesimulator";
				SUPPORTS_MACCATALYST = NO;
				SUPPORTS_MAC_DESIGNED_FOR_IPHONE_IPAD = NO;
				SWIFT_EMIT_LOC_STRINGS = YES;
				SWIFT_VERSION = 5.0;
				TARGETED_DEVICE_FAMILY = 1;
			};
			name = Release;
		};
/* End XCBuildConfiguration section */

/* Begin XCConfigurationList section */
		3A78F83029C8147D00C02C43 /* Build configuration list for PBXProject "ProjectRequestPizzaFour" */ = {
			isa = XCConfigurationList;
			buildConfigurations = (
				3A78F84729C8147E00C02C43 /* Debug */,
				3A78F84829C8147E00C02C43 /* Release */,
			);
			defaultConfigurationIsVisible = 0;
			defaultConfigurationName = Release;
		};
		3A78F84929C8147E00C02C43 /* Build configuration list for PBXNativeTarget "ProjectRequestPizzaFour" */ = {
			isa = XCConfigurationList;
			buildConfigurations = (
				3A78F84A29C8147E00C02C43 /* Debug */,
				3A78F84B29C8147E00C02C43 /* Release */,
			);
			defaultConfigurationIsVisible = 0;
			defaultConfigurationName = Release;
		};
/* End XCConfigurationList section */
	};
	rootObject = 3A78F82D29C8147D00C02C43 /* Project object */;
}
